// !$*UTF8*$!
{
	archiveVersion = 1;
	classes = {
	};
	objectVersion = 46;
	objects = {

/* Begin PBXBuildFile section */
		4646C4FA1EFA5301001DA37E /* TisprCardStackViewCell.swift in Sources */ = {isa = PBXBuildFile; fileRef = 4646C4F71EFA5301001DA37E /* TisprCardStackViewCell.swift */; };
		4646C4FB1EFA5301001DA37E /* TisprCardStackViewController.swift in Sources */ = {isa = PBXBuildFile; fileRef = 4646C4F81EFA5301001DA37E /* TisprCardStackViewController.swift */; };
		4646C4FC1EFA5301001DA37E /* TisprCardStackViewLayout.swift in Sources */ = {isa = PBXBuildFile; fileRef = 4646C4F91EFA5301001DA37E /* TisprCardStackViewLayout.swift */; };
		4646C4FE1EFA532B001DA37E /* CardSwipeViewController.swift in Sources */ = {isa = PBXBuildFile; fileRef = 4646C4FD1EFA532B001DA37E /* CardSwipeViewController.swift */; };
		4646C5001EFA53E2001DA37E /* SwipeCollectionViewCell.swift in Sources */ = {isa = PBXBuildFile; fileRef = 4646C4FF1EFA53E2001DA37E /* SwipeCollectionViewCell.swift */; };
		469954F31EF93BB5008440A4 /* AppDelegate.swift in Sources */ = {isa = PBXBuildFile; fileRef = 469954F21EF93BB5008440A4 /* AppDelegate.swift */; };
		469954F51EF93BB5008440A4 /* ViewController.swift in Sources */ = {isa = PBXBuildFile; fileRef = 469954F41EF93BB5008440A4 /* ViewController.swift */; };
		469954F81EF93BB5008440A4 /* Main.storyboard in Resources */ = {isa = PBXBuildFile; fileRef = 469954F61EF93BB5008440A4 /* Main.storyboard */; };
		469954FA1EF93BB5008440A4 /* Assets.xcassets in Resources */ = {isa = PBXBuildFile; fileRef = 469954F91EF93BB5008440A4 /* Assets.xcassets */; };
		469954FD1EF93BB5008440A4 /* LaunchScreen.storyboard in Resources */ = {isa = PBXBuildFile; fileRef = 469954FB1EF93BB5008440A4 /* LaunchScreen.storyboard */; };
		469955081EF93BB5008440A4 /* InfiniteScrollCVTests.swift in Sources */ = {isa = PBXBuildFile; fileRef = 469955071EF93BB5008440A4 /* InfiniteScrollCVTests.swift */; };
		469955131EF93BB5008440A4 /* InfiniteScrollCVUITests.swift in Sources */ = {isa = PBXBuildFile; fileRef = 469955121EF93BB5008440A4 /* InfiniteScrollCVUITests.swift */; };
		469955211EF93CB3008440A4 /* IFCollectionViewCell.swift in Sources */ = {isa = PBXBuildFile; fileRef = 469955201EF93CB3008440A4 /* IFCollectionViewCell.swift */; };
/* End PBXBuildFile section */

/* Begin PBXContainerItemProxy section */
		469955041EF93BB5008440A4 /* PBXContainerItemProxy */ = {
			isa = PBXContainerItemProxy;
			containerPortal = 469954E71EF93BB5008440A4 /* Project object */;
			proxyType = 1;
			remoteGlobalIDString = 469954EE1EF93BB5008440A4;
			remoteInfo = InfiniteScrollCV;
		};
		4699550F1EF93BB5008440A4 /* PBXContainerItemProxy */ = {
			isa = PBXContainerItemProxy;
			containerPortal = 469954E71EF93BB5008440A4 /* Project object */;
			proxyType = 1;
			remoteGlobalIDString = 469954EE1EF93BB5008440A4;
			remoteInfo = InfiniteScrollCV;
		};
/* End PBXContainerItemProxy section */

/* Begin PBXFileReference section */
		4646C4F71EFA5301001DA37E /* TisprCardStackViewCell.swift */ = {isa = PBXFileReference; fileEncoding = 4; lastKnownFileType = sourcecode.swift; path = TisprCardStackViewCell.swift; sourceTree = "<group>"; };
		4646C4F81EFA5301001DA37E /* TisprCardStackViewController.swift */ = {isa = PBXFileReference; fileEncoding = 4; lastKnownFileType = sourcecode.swift; path = TisprCardStackViewController.swift; sourceTree = "<group>"; };
		4646C4F91EFA5301001DA37E /* TisprCardStackViewLayout.swift */ = {isa = PBXFileReference; fileEncoding = 4; lastKnownFileType = sourcecode.swift; path = TisprCardStackViewLayout.swift; sourceTree = "<group>"; };
		4646C4FD1EFA532B001DA37E /* CardSwipeViewController.swift */ = {isa = PBXFileReference; fileEncoding = 4; lastKnownFileType = sourcecode.swift; path = CardSwipeViewController.swift; sourceTree = "<group>"; };
		4646C4FF1EFA53E2001DA37E /* SwipeCollectionViewCell.swift */ = {isa = PBXFileReference; fileEncoding = 4; lastKnownFileType = sourcecode.swift; path = SwipeCollectionViewCell.swift; sourceTree = "<group>"; };
		469954EF1EF93BB5008440A4 /* InfiniteScrollCV.app */ = {isa = PBXFileReference; explicitFileType = wrapper.application; includeInIndex = 0; path = InfiniteScrollCV.app; sourceTree = BUILT_PRODUCTS_DIR; };
		469954F21EF93BB5008440A4 /* AppDelegate.swift */ = {isa = PBXFileReference; lastKnownFileType = sourcecode.swift; path = AppDelegate.swift; sourceTree = "<group>"; };
		469954F41EF93BB5008440A4 /* ViewController.swift */ = {isa = PBXFileReference; lastKnownFileType = sourcecode.swift; path = ViewController.swift; sourceTree = "<group>"; };
		469954F71EF93BB5008440A4 /* Base */ = {isa = PBXFileReference; lastKnownFileType = file.storyboard; name = Base; path = Base.lproj/Main.storyboard; sourceTree = "<group>"; };
		469954F91EF93BB5008440A4 /* Assets.xcassets */ = {isa = PBXFileReference; lastKnownFileType = folder.assetcatalog; path = Assets.xcassets; sourceTree = "<group>"; };
		469954FC1EF93BB5008440A4 /* Base */ = {isa = PBXFileReference; lastKnownFileType = file.storyboard; name = Base; path = Base.lproj/LaunchScreen.storyboard; sourceTree = "<group>"; };
		469954FE1EF93BB5008440A4 /* Info.plist */ = {isa = PBXFileReference; lastKnownFileType = text.plist.xml; path = Info.plist; sourceTree = "<group>"; };
		469955031EF93BB5008440A4 /* InfiniteScrollCVTests.xctest */ = {isa = PBXFileReference; explicitFileType = wrapper.cfbundle; includeInIndex = 0; path = InfiniteScrollCVTests.xctest; sourceTree = BUILT_PRODUCTS_DIR; };
		469955071EF93BB5008440A4 /* InfiniteScrollCVTests.swift */ = {isa = PBXFileReference; lastKnownFileType = sourcecode.swift; path = InfiniteScrollCVTests.swift; sourceTree = "<group>"; };
		469955091EF93BB5008440A4 /* Info.plist */ = {isa = PBXFileReference; lastKnownFileType = text.plist.xml; path = Info.plist; sourceTree = "<group>"; };
		4699550E1EF93BB5008440A4 /* InfiniteScrollCVUITests.xctest */ = {isa = PBXFileReference; explicitFileType = wrapper.cfbundle; includeInIndex = 0; path = InfiniteScrollCVUITests.xctest; sourceTree = BUILT_PRODUCTS_DIR; };
		469955121EF93BB5008440A4 /* InfiniteScrollCVUITests.swift */ = {isa = PBXFileReference; lastKnownFileType = sourcecode.swift; path = InfiniteScrollCVUITests.swift; sourceTree = "<group>"; };
		469955141EF93BB5008440A4 /* Info.plist */ = {isa = PBXFileReference; lastKnownFileType = text.plist.xml; path = Info.plist; sourceTree = "<group>"; };
		469955201EF93CB3008440A4 /* IFCollectionViewCell.swift */ = {isa = PBXFileReference; fileEncoding = 4; lastKnownFileType = sourcecode.swift; path = IFCollectionViewCell.swift; sourceTree = "<group>"; };
/* End PBXFileReference section */

/* Begin PBXFrameworksBuildPhase section */
		469954EC1EF93BB5008440A4 /* Frameworks */ = {
			isa = PBXFrameworksBuildPhase;
			buildActionMask = 2147483647;
			files = (
			);
			runOnlyForDeploymentPostprocessing = 0;
		};
		469955001EF93BB5008440A4 /* Frameworks */ = {
			isa = PBXFrameworksBuildPhase;
			buildActionMask = 2147483647;
			files = (
			);
			runOnlyForDeploymentPostprocessing = 0;
		};
		4699550B1EF93BB5008440A4 /* Frameworks */ = {
			isa = PBXFrameworksBuildPhase;
			buildActionMask = 2147483647;
			files = (
			);
			runOnlyForDeploymentPostprocessing = 0;
		};
/* End PBXFrameworksBuildPhase section */

/* Begin PBXGroup section */
		469954E61EF93BB5008440A4 = {
			isa = PBXGroup;
			children = (
				469954F11EF93BB5008440A4 /* InfiniteScrollCV */,
				469955061EF93BB5008440A4 /* InfiniteScrollCVTests */,
				469955111EF93BB5008440A4 /* InfiniteScrollCVUITests */,
				469954F01EF93BB5008440A4 /* Products */,
			);
			sourceTree = "<group>";
		};
		469954F01EF93BB5008440A4 /* Products */ = {
			isa = PBXGroup;
			children = (
				469954EF1EF93BB5008440A4 /* InfiniteScrollCV.app */,
				469955031EF93BB5008440A4 /* InfiniteScrollCVTests.xctest */,
				4699550E1EF93BB5008440A4 /* InfiniteScrollCVUITests.xctest */,
			);
			name = Products;
			sourceTree = "<group>";
		};
		469954F11EF93BB5008440A4 /* InfiniteScrollCV */ = {
			isa = PBXGroup;
			children = (
				4646C4F71EFA5301001DA37E /* TisprCardStackViewCell.swift */,
				4646C4F81EFA5301001DA37E /* TisprCardStackViewController.swift */,
				4646C4F91EFA5301001DA37E /* TisprCardStackViewLayout.swift */,
				469954F21EF93BB5008440A4 /* AppDelegate.swift */,
				469954F41EF93BB5008440A4 /* ViewController.swift */,
				469955201EF93CB3008440A4 /* IFCollectionViewCell.swift */,
				469954F61EF93BB5008440A4 /* Main.storyboard */,
				469954F91EF93BB5008440A4 /* Assets.xcassets */,
				469954FB1EF93BB5008440A4 /* LaunchScreen.storyboard */,
				469954FE1EF93BB5008440A4 /* Info.plist */,
				4646C4FD1EFA532B001DA37E /* CardSwipeViewController.swift */,
				4646C4FF1EFA53E2001DA37E /* SwipeCollectionViewCell.swift */,
			);
			path = InfiniteScrollCV;
			sourceTree = "<group>";
		};
		469955061EF93BB5008440A4 /* InfiniteScrollCVTests */ = {
			isa = PBXGroup;
			children = (
				469955071EF93BB5008440A4 /* InfiniteScrollCVTests.swift */,
				469955091EF93BB5008440A4 /* Info.plist */,
			);
			path = InfiniteScrollCVTests;
			sourceTree = "<group>";
		};
		469955111EF93BB5008440A4 /* InfiniteScrollCVUITests */ = {
			isa = PBXGroup;
			children = (
				469955121EF93BB5008440A4 /* InfiniteScrollCVUITests.swift */,
				469955141EF93BB5008440A4 /* Info.plist */,
			);
			path = InfiniteScrollCVUITests;
			sourceTree = "<group>";
		};
/* End PBXGroup section */

/* Begin PBXNativeTarget section */
		469954EE1EF93BB5008440A4 /* InfiniteScrollCV */ = {
			isa = PBXNativeTarget;
			buildConfigurationList = 469955171EF93BB5008440A4 /* Build configuration list for PBXNativeTarget "InfiniteScrollCV" */;
			buildPhases = (
				469954EB1EF93BB5008440A4 /* Sources */,
				469954EC1EF93BB5008440A4 /* Frameworks */,
				469954ED1EF93BB5008440A4 /* Resources */,
			);
			buildRules = (
			);
			dependencies = (
			);
			name = InfiniteScrollCV;
			productName = InfiniteScrollCV;
			productReference = 469954EF1EF93BB5008440A4 /* InfiniteScrollCV.app */;
			productType = "com.apple.product-type.application";
		};
		469955021EF93BB5008440A4 /* InfiniteScrollCVTests */ = {
			isa = PBXNativeTarget;
			buildConfigurationList = 4699551A1EF93BB5008440A4 /* Build configuration list for PBXNativeTarget "InfiniteScrollCVTests" */;
			buildPhases = (
				469954FF1EF93BB5008440A4 /* Sources */,
				469955001EF93BB5008440A4 /* Frameworks */,
				469955011EF93BB5008440A4 /* Resources */,
			);
			buildRules = (
			);
			dependencies = (
				469955051EF93BB5008440A4 /* PBXTargetDependency */,
			);
			name = InfiniteScrollCVTests;
			productName = InfiniteScrollCVTests;
			productReference = 469955031EF93BB5008440A4 /* InfiniteScrollCVTests.xctest */;
			productType = "com.apple.product-type.bundle.unit-test";
		};
		4699550D1EF93BB5008440A4 /* InfiniteScrollCVUITests */ = {
			isa = PBXNativeTarget;
			buildConfigurationList = 4699551D1EF93BB5008440A4 /* Build configuration list for PBXNativeTarget "InfiniteScrollCVUITests" */;
			buildPhases = (
				4699550A1EF93BB5008440A4 /* Sources */,
				4699550B1EF93BB5008440A4 /* Frameworks */,
				4699550C1EF93BB5008440A4 /* Resources */,
			);
			buildRules = (
			);
			dependencies = (
				469955101EF93BB5008440A4 /* PBXTargetDependency */,
			);
			name = InfiniteScrollCVUITests;
			productName = InfiniteScrollCVUITests;
			productReference = 4699550E1EF93BB5008440A4 /* InfiniteScrollCVUITests.xctest */;
			productType = "com.apple.product-type.bundle.ui-testing";
		};
/* End PBXNativeTarget section */

/* Begin PBXProject section */
		469954E71EF93BB5008440A4 /* Project object */ = {
			isa = PBXProject;
			attributes = {
				LastSwiftUpdateCheck = 0830;
				LastUpgradeCheck = 0830;
				ORGANIZATIONNAME = Abhishek;
				TargetAttributes = {
					469954EE1EF93BB5008440A4 = {
						CreatedOnToolsVersion = 8.3.3;
						DevelopmentTeam = NY45473NT8;
						ProvisioningStyle = Automatic;
					};
					469955021EF93BB5008440A4 = {
						CreatedOnToolsVersion = 8.3.3;
						ProvisioningStyle = Automatic;
						TestTargetID = 469954EE1EF93BB5008440A4;
					};
					4699550D1EF93BB5008440A4 = {
						CreatedOnToolsVersion = 8.3.3;
						ProvisioningStyle = Automatic;
						TestTargetID = 469954EE1EF93BB5008440A4;
					};
				};
			};
			buildConfigurationList = 469954EA1EF93BB5008440A4 /* Build configuration list for PBXProject "InfiniteScrollCV" */;
			compatibilityVersion = "Xcode 3.2";
			developmentRegion = English;
			hasScannedForEncodings = 0;
			knownRegions = (
				en,
				Base,
			);
			mainGroup = 469954E61EF93BB5008440A4;
			productRefGroup = 469954F01EF93BB5008440A4 /* Products */;
			projectDirPath = "";
			projectRoot = "";
			targets = (
				469954EE1EF93BB5008440A4 /* InfiniteScrollCV */,
				469955021EF93BB5008440A4 /* InfiniteScrollCVTests */,
				4699550D1EF93BB5008440A4 /* InfiniteScrollCVUITests */,
			);
		};
/* End PBXProject section */

/* Begin PBXResourcesBuildPhase section */
		469954ED1EF93BB5008440A4 /* Resources */ = {
			isa = PBXResourcesBuildPhase;
			buildActionMask = 2147483647;
			files = (
				469954FD1EF93BB5008440A4 /* LaunchScreen.storyboard in Resources */,
				469954FA1EF93BB5008440A4 /* Assets.xcassets in Resources */,
				469954F81EF93BB5008440A4 /* Main.storyboard in Resources */,
			);
			runOnlyForDeploymentPostprocessing = 0;
		};
		469955011EF93BB5008440A4 /* Resources */ = {
			isa = PBXResourcesBuildPhase;
			buildActionMask = 2147483647;
			files = (
			);
			runOnlyForDeploymentPostprocessing = 0;
		};
		4699550C1EF93BB5008440A4 /* Resources */ = {
			isa = PBXResourcesBuildPhase;
			buildActionMask = 2147483647;
			files = (
			);
			runOnlyForDeploymentPostprocessing = 0;
		};
/* End PBXResourcesBuildPhase section */

/* Begin PBXSourcesBuildPhase section */
		469954EB1EF93BB5008440A4 /* Sources */ = {
			isa = PBXSourcesBuildPhase;
			buildActionMask = 2147483647;
			files = (
				4646C4FA1EFA5301001DA37E /* TisprCardStackViewCell.swift in Sources */,
				469955211EF93CB3008440A4 /* IFCollectionViewCell.swift in Sources */,
				4646C4FE1EFA532B001DA37E /* CardSwipeViewController.swift in Sources */,
				4646C4FC1EFA5301001DA37E /* TisprCardStackViewLayout.swift in Sources */,
				469954F51EF93BB5008440A4 /* ViewController.swift in Sources */,
				4646C4FB1EFA5301001DA37E /* TisprCardStackViewController.swift in Sources */,
				469954F31EF93BB5008440A4 /* AppDelegate.swift in Sources */,
				4646C5001EFA53E2001DA37E /* SwipeCollectionViewCell.swift in Sources */,
			);
			runOnlyForDeploymentPostprocessing = 0;
		};
		469954FF1EF93BB5008440A4 /* Sources */ = {
			isa = PBXSourcesBuildPhase;
			buildActionMask = 2147483647;
			files = (
				469955081EF93BB5008440A4 /* InfiniteScrollCVTests.swift in Sources */,
			);
			runOnlyForDeploymentPostprocessing = 0;
		};
		4699550A1EF93BB5008440A4 /* Sources */ = {
			isa = PBXSourcesBuildPhase;
			buildActionMask = 2147483647;
			files = (
				469955131EF93BB5008440A4 /* InfiniteScrollCVUITests.swift in Sources */,
			);
			runOnlyForDeploymentPostprocessing = 0;
		};
/* End PBXSourcesBuildPhase section */

/* Begin PBXTargetDependency section */
		469955051EF93BB5008440A4 /* PBXTargetDependency */ = {
			isa = PBXTargetDependency;
			target = 469954EE1EF93BB5008440A4 /* InfiniteScrollCV */;
			targetProxy = 469955041EF93BB5008440A4 /* PBXContainerItemProxy */;
		};
		469955101EF93BB5008440A4 /* PBXTargetDependency */ = {
			isa = PBXTargetDependency;
			target = 469954EE1EF93BB5008440A4 /* InfiniteScrollCV */;
			targetProxy = 4699550F1EF93BB5008440A4 /* PBXContainerItemProxy */;
		};
/* End PBXTargetDependency section */

/* Begin PBXVariantGroup section */
		469954F61EF93BB5008440A4 /* Main.storyboard */ = {
			isa = PBXVariantGroup;
			children = (
				469954F71EF93BB5008440A4 /* Base */,
			);
			name = Main.storyboard;
			sourceTree = "<group>";
		};
		469954FB1EF93BB5008440A4 /* LaunchScreen.storyboard */ = {
			isa = PBXVariantGroup;
			children = (
				469954FC1EF93BB5008440A4 /* Base */,
			);
			name = LaunchScreen.storyboard;
			sourceTree = "<group>";
		};
/* End PBXVariantGroup section */

/* Begin XCBuildConfiguration section */
		469955151EF93BB5008440A4 /* Debug */ = {
			isa = XCBuildConfiguration;
			buildSettings = {
				ALWAYS_SEARCH_USER_PATHS = NO;
				CLANG_ANALYZER_NONNULL = YES;
				CLANG_ANALYZER_NUMBER_OBJECT_CONVERSION = YES_AGGRESSIVE;
				CLANG_CXX_LANGUAGE_STANDARD = "gnu++0x";
				CLANG_CXX_LIBRARY = "libc++";
				CLANG_ENABLE_MODULES = YES;
				CLANG_ENABLE_OBJC_ARC = YES;
				CLANG_WARN_BOOL_CONVERSION = YES;
				CLANG_WARN_CONSTANT_CONVERSION = YES;
				CLANG_WARN_DIRECT_OBJC_ISA_USAGE = YES_ERROR;
				CLANG_WARN_DOCUMENTATION_COMMENTS = YES;
				CLANG_WARN_EMPTY_BODY = YES;
				CLANG_WARN_ENUM_CONVERSION = YES;
				CLANG_WARN_INFINITE_RECURSION = YES;
				CLANG_WARN_INT_CONVERSION = YES;
				CLANG_WARN_OBJC_ROOT_CLASS = YES_ERROR;
				CLANG_WARN_SUSPICIOUS_MOVE = YES;
				CLANG_WARN_UNREACHABLE_CODE = YES;
				CLANG_WARN__DUPLICATE_METHOD_MATCH = YES;
				"CODE_SIGN_IDENTITY[sdk=iphoneos*]" = "iPhone Developer";
				COPY_PHASE_STRIP = NO;
				DEBUG_INFORMATION_FORMAT = dwarf;
				ENABLE_STRICT_OBJC_MSGSEND = YES;
				ENABLE_TESTABILITY = YES;
				GCC_C_LANGUAGE_STANDARD = gnu99;
				GCC_DYNAMIC_NO_PIC = NO;
				GCC_NO_COMMON_BLOCKS = YES;
				GCC_OPTIMIZATION_LEVEL = 0;
				GCC_PREPROCESSOR_DEFINITIONS = (
					"DEBUG=1",
					"$(inherited)",
				);
				GCC_WARN_64_TO_32_BIT_CONVERSION = YES;
				GCC_WARN_ABOUT_RETURN_TYPE = YES_ERROR;
				GCC_WARN_UNDECLARED_SELECTOR = YES;
				GCC_WARN_UNINITIALIZED_AUTOS = YES_AGGRESSIVE;
				GCC_WARN_UNUSED_FUNCTION = YES;
				GCC_WARN_UNUSED_VARIABLE = YES;
				IPHONEOS_DEPLOYMENT_TARGET = 10.3;
				MTL_ENABLE_DEBUG_INFO = YES;
				ONLY_ACTIVE_ARCH = YES;
				SDKROOT = iphoneos;
				SWIFT_ACTIVE_COMPILATION_CONDITIONS = DEBUG;
				SWIFT_OPTIMIZATION_LEVEL = "-Onone";
				TARGETED_DEVICE_FAMILY = "1,2";
			};
			name = Debug;
		};
		469955161EF93BB5008440A4 /* Release */ = {
			isa = XCBuildConfiguration;
			buildSettings = {
				ALWAYS_SEARCH_USER_PATHS = NO;
				CLANG_ANALYZER_NONNULL = YES;
				CLANG_ANALYZER_NUMBER_OBJECT_CONVERSION = YES_AGGRESSIVE;
				CLANG_CXX_LANGUAGE_STANDARD = "gnu++0x";
				CLANG_CXX_LIBRARY = "libc++";
				CLANG_ENABLE_MODULES = YES;
				CLANG_ENABLE_OBJC_ARC = YES;
				CLANG_WARN_BOOL_CONVERSION = YES;
				CLANG_WARN_CONSTANT_CONVERSION = YES;
				CLANG_WARN_DIRECT_OBJC_ISA_USAGE = YES_ERROR;
				CLANG_WARN_DOCUMENTATION_COMMENTS = YES;
				CLANG_WARN_EMPTY_BODY = YES;
				CLANG_WARN_ENUM_CONVERSION = YES;
				CLANG_WARN_INFINITE_RECURSION = YES;
				CLANG_WARN_INT_CONVERSION = YES;
				CLANG_WARN_OBJC_ROOT_CLASS = YES_ERROR;
				CLANG_WARN_SUSPICIOUS_MOVE = YES;
				CLANG_WARN_UNREACHABLE_CODE = YES;
				CLANG_WARN__DUPLICATE_METHOD_MATCH = YES;
				"CODE_SIGN_IDENTITY[sdk=iphoneos*]" = "iPhone Developer";
				COPY_PHASE_STRIP = NO;
				DEBUG_INFORMATION_FORMAT = "dwarf-with-dsym";
				ENABLE_NS_ASSERTIONS = NO;
				ENABLE_STRICT_OBJC_MSGSEND = YES;
				GCC_C_LANGUAGE_STANDARD = gnu99;
				GCC_NO_COMMON_BLOCKS = YES;
				GCC_WARN_64_TO_32_BIT_CONVERSION = YES;
				GCC_WARN_ABOUT_RETURN_TYPE = YES_ERROR;
				GCC_WARN_UNDECLARED_SELECTOR = YES;
				GCC_WARN_UNINITIALIZED_AUTOS = YES_AGGRESSIVE;
				GCC_WARN_UNUSED_FUNCTION = YES;
				GCC_WARN_UNUSED_VARIABLE = YES;
				IPHONEOS_DEPLOYMENT_TARGET = 10.3;
				MTL_ENABLE_DEBUG_INFO = NO;
				SDKROOT = iphoneos;
				SWIFT_OPTIMIZATION_LEVEL = "-Owholemodule";
				TARGETED_DEVICE_FAMILY = "1,2";
				VALIDATE_PRODUCT = YES;
			};
			name = Release;
		};
		469955181EF93BB5008440A4 /* Debug */ = {
			isa = XCBuildConfiguration;
			buildSettings = {
				ASSETCATALOG_COMPILER_APPICON_NAME = AppIcon;
				DEVELOPMENT_TEAM = NY45473NT8;
				INFOPLIST_FILE = InfiniteScrollCV/Info.plist;
				LD_RUNPATH_SEARCH_PATHS = "$(inherited) @executable_path/Frameworks";
				PRODUCT_BUNDLE_IDENTIFIER = Marvel.InfiniteScrollCV;
				PRODUCT_NAME = "$(TARGET_NAME)";
				SWIFT_VERSION = 3.0;
			};
			name = Debug;
		};
		469955191EF93BB5008440A4 /* Release */ = {
			isa = XCBuildConfiguration;
			buildSettings = {
				ASSETCATALOG_COMPILER_APPICON_NAME = AppIcon;
				DEVELOPMENT_TEAM = NY45473NT8;
				INFOPLIST_FILE = InfiniteScrollCV/Info.plist;
				LD_RUNPATH_SEARCH_PATHS = "$(inherited) @executable_path/Frameworks";
				PRODUCT_BUNDLE_IDENTIFIER = Marvel.InfiniteScrollCV;
				PRODUCT_NAME = "$(TARGET_NAME)";
				SWIFT_VERSION = 3.0;
			};
			name = Release;
		};
		4699551B1EF93BB5008440A4 /* Debug */ = {
			isa = XCBuildConfiguration;
			buildSettings = {
				ALWAYS_EMBED_SWIFT_STANDARD_LIBRARIES = YES;
				BUNDLE_LOADER = "$(TEST_HOST)";
				INFOPLIST_FILE = InfiniteScrollCVTests/Info.plist;
				LD_RUNPATH_SEARCH_PATHS = "$(inherited) @executable_path/Frameworks @loader_path/Frameworks";
				PRODUCT_BUNDLE_IDENTIFIER = Marvel.InfiniteScrollCVTests;
				PRODUCT_NAME = "$(TARGET_NAME)";
				SWIFT_VERSION = 3.0;
				TEST_HOST = "$(BUILT_PRODUCTS_DIR)/InfiniteScrollCV.app/InfiniteScrollCV";
			};
			name = Debug;
		};
		4699551C1EF93BB5008440A4 /* Release */ = {
			isa = XCBuildConfiguration;
			buildSettings = {
				ALWAYS_EMBED_SWIFT_STANDARD_LIBRARIES = YES;
				BUNDLE_LOADER = "$(TEST_HOST)";
				INFOPLIST_FILE = InfiniteScrollCVTests/Info.plist;
				LD_RUNPATH_SEARCH_PATHS = "$(inherited) @executable_path/Frameworks @loader_path/Frameworks";
				PRODUCT_BUNDLE_IDENTIFIER = Marvel.InfiniteScrollCVTests;
				PRODUCT_NAME = "$(TARGET_NAME)";
				SWIFT_VERSION = 3.0;
				TEST_HOST = "$(BUILT_PRODUCTS_DIR)/InfiniteScrollCV.app/InfiniteScrollCV";
			};
			name = Release;
		};
		4699551E1EF93BB5008440A4 /* Debug */ = {
			isa = XCBuildConfiguration;
			buildSettings = {
				ALWAYS_EMBED_SWIFT_STANDARD_LIBRARIES = YES;
				INFOPLIST_FILE = InfiniteScrollCVUITests/Info.plist;
				LD_RUNPATH_SEARCH_PATHS = "$(inherited) @executable_path/Frameworks @loader_path/Frameworks";
				PRODUCT_BUNDLE_IDENTIFIER = Marvel.InfiniteScrollCVUITests;
				PRODUCT_NAME = "$(TARGET_NAME)";
				SWIFT_VERSION = 3.0;
				TEST_TARGET_NAME = InfiniteScrollCV;
			};
			name = Debug;
		};
		4699551F1EF93BB5008440A4 /* Release */ = {
			isa = XCBuildConfiguration;
			buildSettings = {
				ALWAYS_EMBED_SWIFT_STANDARD_LIBRARIES = YES;
				INFOPLIST_FILE = InfiniteScrollCVUITests/Info.plist;
				LD_RUNPATH_SEARCH_PATHS = "$(inherited) @executable_path/Frameworks @loader_path/Frameworks";
				PRODUCT_BUNDLE_IDENTIFIER = Marvel.InfiniteScrollCVUITests;
				PRODUCT_NAME = "$(TARGET_NAME)";
				SWIFT_VERSION = 3.0;
				TEST_TARGET_NAME = InfiniteScrollCV;
			};
			name = Release;
		};
/* End XCBuildConfiguration section */

/* Begin XCConfigurationList section */
		469954EA1EF93BB5008440A4 /* Build configuration list for PBXProject "InfiniteScrollCV" */ = {
			isa = XCConfigurationList;
			buildConfigurations = (
				469955151EF93BB5008440A4 /* Debug */,
				469955161EF93BB5008440A4 /* Release */,
			);
			defaultConfigurationIsVisible = 0;
			defaultConfigurationName = Release;
		};
		469955171EF93BB5008440A4 /* Build configuration list for PBXNativeTarget "InfiniteScrollCV" */ = {
			isa = XCConfigurationList;
			buildConfigurations = (
				469955181EF93BB5008440A4 /* Debug */,
				469955191EF93BB5008440A4 /* Release */,
			);
			defaultConfigurationIsVisible = 0;
			defaultConfigurationName = Release;
		};
		4699551A1EF93BB5008440A4 /* Build configuration list for PBXNativeTarget "InfiniteScrollCVTests" */ = {
			isa = XCConfigurationList;
			buildConfigurations = (
				4699551B1EF93BB5008440A4 /* Debug */,
				4699551C1EF93BB5008440A4 /* Release */,
			);
			defaultConfigurationIsVisible = 0;
			defaultConfigurationName = Release;
		};
		4699551D1EF93BB5008440A4 /* Build configuration list for PBXNativeTarget "InfiniteScrollCVUITests" */ = {
			isa = XCConfigurationList;
			buildConfigurations = (
				4699551E1EF93BB5008440A4 /* Debug */,
				4699551F1EF93BB5008440A4 /* Release */,
			);
			defaultConfigurationIsVisible = 0;
			defaultConfigurationName = Release;
		};
/* End XCConfigurationList section */
	};
	rootObject = 469954E71EF93BB5008440A4 /* Project object */;
}
